<Solution>
  <Folder Name="/Tests/">
    <Project Path="GameTest.Application.Tests/GameTest.Application.Tests.csproj" Id="e06ce507-f266-48b5-9ab1-385deeeacfaa" />
    <Project Path="GameTest.Domain.Tests/GameTest.Domain.Tests.csproj" Id="71b4d2bf-e9c0-4cf1-a91d-65f1a8b89a91" />
  </Folder>
  <Project Path="GameTest.Api/GameTest.Api.csproj" />
  <Project Path="GameTest.Application/GameTest.Application.csproj" />
  <Project Path="GameTest.Domain/GameTest.Domain.csproj" />
  <Project Path="GameTest.Infrastructure/GameTest.Infrastructure.csproj" />
</Solution>
