<Solution>
  <Folder Name="/Tests/">
    <Project Path="tests/GameTest.Domain.Tests/GameTest.Domain.Tests.csproj" />
  </Folder>
  <Project Path="src/GameTest.Api/GameTest.Api.csproj" />
  <Project Path="src/GameTest.Application/GameTest.Application.csproj" />
  <Project Path="src/GameTest.Domain/GameTest.Domain.csproj" />
  <Project Path="src/GameTest.Infrastructure/GameTest.Infrastructure.csproj" />
</Solution>
